
Microsoft Visual Studio Solution File, Format Version 12.00
# Visual Studio Version 16
VisualStudioVersion = 16.0.31911.196
MinimumVisualStudioVersion = 10.0.40219.1
Project("{FAE04EC0-301F-11D3-BF4B-00C04F79EFBC}") = "Shopping.Client", "Shopping.Client\Shopping.Client.csproj", "{A020FE0A-C792-42EF-99C2-236ADA32C819}"
EndProject
Global
	GlobalSection(SolutionConfigurationPlatforms) = preSolution
		Debug|Any CPU = Debug|Any CPU
		Release|Any CPU = Release|Any CPU
	EndGlobalSection
	GlobalSection(ProjectConfigurationPlatforms) = postSolution
		{A020FE0A-C792-42EF-99C2-236ADA32C819}.Debug|Any CPU.ActiveCfg = Debug|Any CPU
		{A020FE0A-C792-42EF-99C2-236ADA32C819}.Debug|Any CPU.Build.0 = Debug|Any CPU
		{A020FE0A-C792-42EF-99C2-236ADA32C819}.Release|Any CPU.ActiveCfg = Release|Any CPU
		{A020FE0A-C792-42EF-99C2-236ADA32C819}.Release|Any CPU.Build.0 = Release|Any CPU
	EndGlobalSection
	GlobalSection(SolutionProperties) = preSolution
		HideSolutionNode = FALSE
	EndGlobalSection
	GlobalSection(ExtensibilityGlobals) = postSolution
		SolutionGuid = {99A7D581-C66B-47B5-AEC1-EDBB8717079A}
	EndGlobalSection
EndGlobal
